// !$*UTF8*$!
{
	archiveVersion = 1;
	classes = {
	};
	objectVersion = 50;
	objects = {

/* Begin PBXBuildFile section */
		1E7AAD2BDD7D5BE2A5ED5DCB /* Pods_LikeDislikePOD.framework in Frameworks */ = {isa = PBXBuildFile; fileRef = BBB95F0D26E9B2361F3B43B9 /* Pods_LikeDislikePOD.framework */; };
		6AE5BF022090F6470082DD93 /* LikeDislikePOD.framework in Frameworks */ = {isa = PBXBuildFile; fileRef = 6AE5BEF82090F6470082DD93 /* LikeDislikePOD.framework */; };
		6AE5BF072090F6470082DD93 /* LikeDislikePODTests.swift in Sources */ = {isa = PBXBuildFile; fileRef = 6AE5BF062090F6470082DD93 /* LikeDislikePODTests.swift */; };
		6AE5BF092090F6480082DD93 /* LikeDislikePOD.h in Headers */ = {isa = PBXBuildFile; fileRef = 6AE5BEFB2090F6470082DD93 /* LikeDislikePOD.h */; settings = {ATTRIBUTES = (Public, ); }; };
		6AE5BF132090F6670082DD93 /* LikeViewModel1.xib in Resources */ = {isa = PBXBuildFile; fileRef = 6AE5BF122090F6670082DD93 /* LikeViewModel1.xib */; };
		6AE5BF152090FAA70082DD93 /* LikeViewModel2.xib in Resources */ = {isa = PBXBuildFile; fileRef = 6AE5BF142090FAA70082DD93 /* LikeViewModel2.xib */; };
		6AE5BF1A2090FDD80082DD93 /* LikeableProtocol.swift in Sources */ = {isa = PBXBuildFile; fileRef = 6AE5BF192090FDD80082DD93 /* LikeableProtocol.swift */; };
		6AE5BF1C2090FFC90082DD93 /* LikeView.swift in Sources */ = {isa = PBXBuildFile; fileRef = 6AE5BF1B2090FFC90082DD93 /* LikeView.swift */; };
		8D280F2D515B976C57F8FE99 /* Pods_LikeDislikePODTests.framework in Frameworks */ = {isa = PBXBuildFile; fileRef = C379180B7E210FBD1EE6270C /* Pods_LikeDislikePODTests.framework */; };
/* End PBXBuildFile section */

/* Begin PBXContainerItemProxy section */
		6AE5BF032090F6470082DD93 /* PBXContainerItemProxy */ = {
			isa = PBXContainerItemProxy;
			containerPortal = 6AE5BEEF2090F6470082DD93 /* Project object */;
			proxyType = 1;
			remoteGlobalIDString = 6AE5BEF72090F6470082DD93;
			remoteInfo = LikeDislikePOD;
		};
/* End PBXContainerItemProxy section */

/* Begin PBXFileReference section */
		2111F83397664D25A69A2DB9 /* Pods-LikeDislikePOD.release.xcconfig */ = {isa = PBXFileReference; includeInIndex = 1; lastKnownFileType = text.xcconfig; name = "Pods-LikeDislikePOD.release.xcconfig"; path = "Pods/Target Support Files/Pods-LikeDislikePOD/Pods-LikeDislikePOD.release.xcconfig"; sourceTree = "<group>"; };
		6AE5BEF82090F6470082DD93 /* LikeDislikePOD.framework */ = {isa = PBXFileReference; explicitFileType = wrapper.framework; includeInIndex = 0; path = LikeDislikePOD.framework; sourceTree = BUILT_PRODUCTS_DIR; };
		6AE5BEFB2090F6470082DD93 /* LikeDislikePOD.h */ = {isa = PBXFileReference; lastKnownFileType = sourcecode.c.h; path = LikeDislikePOD.h; sourceTree = "<group>"; };
		6AE5BEFC2090F6470082DD93 /* Info.plist */ = {isa = PBXFileReference; lastKnownFileType = text.plist.xml; path = Info.plist; sourceTree = "<group>"; };
		6AE5BF012090F6470082DD93 /* LikeDislikePODTests.xctest */ = {isa = PBXFileReference; explicitFileType = wrapper.cfbundle; includeInIndex = 0; path = LikeDislikePODTests.xctest; sourceTree = BUILT_PRODUCTS_DIR; };
		6AE5BF062090F6470082DD93 /* LikeDislikePODTests.swift */ = {isa = PBXFileReference; lastKnownFileType = sourcecode.swift; path = LikeDislikePODTests.swift; sourceTree = "<group>"; };
		6AE5BF082090F6480082DD93 /* Info.plist */ = {isa = PBXFileReference; lastKnownFileType = text.plist.xml; path = Info.plist; sourceTree = "<group>"; };
		6AE5BF122090F6670082DD93 /* LikeViewModel1.xib */ = {isa = PBXFileReference; lastKnownFileType = file.xib; path = LikeViewModel1.xib; sourceTree = "<group>"; };
		6AE5BF142090FAA70082DD93 /* LikeViewModel2.xib */ = {isa = PBXFileReference; lastKnownFileType = file.xib; path = LikeViewModel2.xib; sourceTree = "<group>"; };
		6AE5BF192090FDD80082DD93 /* LikeableProtocol.swift */ = {isa = PBXFileReference; lastKnownFileType = sourcecode.swift; path = LikeableProtocol.swift; sourceTree = "<group>"; };
		6AE5BF1B2090FFC90082DD93 /* LikeView.swift */ = {isa = PBXFileReference; lastKnownFileType = sourcecode.swift; path = LikeView.swift; sourceTree = "<group>"; };
		BBB95F0D26E9B2361F3B43B9 /* Pods_LikeDislikePOD.framework */ = {isa = PBXFileReference; explicitFileType = wrapper.framework; includeInIndex = 0; path = Pods_LikeDislikePOD.framework; sourceTree = BUILT_PRODUCTS_DIR; };
		C379180B7E210FBD1EE6270C /* Pods_LikeDislikePODTests.framework */ = {isa = PBXFileReference; explicitFileType = wrapper.framework; includeInIndex = 0; path = Pods_LikeDislikePODTests.framework; sourceTree = BUILT_PRODUCTS_DIR; };
		C8F1B8661A973A2D0FF2942A /* Pods-LikeDislikePOD.debug.xcconfig */ = {isa = PBXFileReference; includeInIndex = 1; lastKnownFileType = text.xcconfig; name = "Pods-LikeDislikePOD.debug.xcconfig"; path = "Pods/Target Support Files/Pods-LikeDislikePOD/Pods-LikeDislikePOD.debug.xcconfig"; sourceTree = "<group>"; };
		CEE8A5CD28F474447280B353 /* Pods-LikeDislikePODTests.debug.xcconfig */ = {isa = PBXFileReference; includeInIndex = 1; lastKnownFileType = text.xcconfig; name = "Pods-LikeDislikePODTests.debug.xcconfig"; path = "Pods/Target Support Files/Pods-LikeDislikePODTests/Pods-LikeDislikePODTests.debug.xcconfig"; sourceTree = "<group>"; };
		D47C66EC3F1DCE1F91870996 /* Pods-LikeDislikePODTests.release.xcconfig */ = {isa = PBXFileReference; includeInIndex = 1; lastKnownFileType = text.xcconfig; name = "Pods-LikeDislikePODTests.release.xcconfig"; path = "Pods/Target Support Files/Pods-LikeDislikePODTests/Pods-LikeDislikePODTests.release.xcconfig"; sourceTree = "<group>"; };
/* End PBXFileReference section */

/* Begin PBXFrameworksBuildPhase section */
		6AE5BEF42090F6470082DD93 /* Frameworks */ = {
			isa = PBXFrameworksBuildPhase;
			buildActionMask = 2147483647;
			files = (
				1E7AAD2BDD7D5BE2A5ED5DCB /* Pods_LikeDislikePOD.framework in Frameworks */,
			);
			runOnlyForDeploymentPostprocessing = 0;
		};
		6AE5BEFE2090F6470082DD93 /* Frameworks */ = {
			isa = PBXFrameworksBuildPhase;
			buildActionMask = 2147483647;
			files = (
				6AE5BF022090F6470082DD93 /* LikeDislikePOD.framework in Frameworks */,
				8D280F2D515B976C57F8FE99 /* Pods_LikeDislikePODTests.framework in Frameworks */,
			);
			runOnlyForDeploymentPostprocessing = 0;
		};
/* End PBXFrameworksBuildPhase section */

/* Begin PBXGroup section */
		6AE5BEEE2090F6470082DD93 = {
			isa = PBXGroup;
			children = (
				6AE5BEFA2090F6470082DD93 /* LikeDislikePOD */,
				6AE5BF052090F6470082DD93 /* LikeDislikePODTests */,
				6AE5BEF92090F6470082DD93 /* Products */,
				7C72623B6C3052EB2BCF5E0C /* Pods */,
				738E0D59E5647D07C00A8059 /* Frameworks */,
			);
			sourceTree = "<group>";
		};
		6AE5BEF92090F6470082DD93 /* Products */ = {
			isa = PBXGroup;
			children = (
				6AE5BEF82090F6470082DD93 /* LikeDislikePOD.framework */,
				6AE5BF012090F6470082DD93 /* LikeDislikePODTests.xctest */,
			);
			name = Products;
			sourceTree = "<group>";
		};
		6AE5BEFA2090F6470082DD93 /* LikeDislikePOD */ = {
			isa = PBXGroup;
			children = (
				6AE5BF182090FDB90082DD93 /* Service */,
				6AE5BF172090FDB30082DD93 /* View */,
				6AE5BF162090FDA60082DD93 /* Model */,
				6AE5BEFB2090F6470082DD93 /* LikeDislikePOD.h */,
				6AE5BEFC2090F6470082DD93 /* Info.plist */,
			);
			path = LikeDislikePOD;
			sourceTree = "<group>";
		};
		6AE5BF052090F6470082DD93 /* LikeDislikePODTests */ = {
			isa = PBXGroup;
			children = (
				6AE5BF062090F6470082DD93 /* LikeDislikePODTests.swift */,
				6AE5BF082090F6480082DD93 /* Info.plist */,
			);
			path = LikeDislikePODTests;
			sourceTree = "<group>";
		};
		6AE5BF162090FDA60082DD93 /* Model */ = {
			isa = PBXGroup;
			children = (
				6AE5BF192090FDD80082DD93 /* LikeableProtocol.swift */,
			);
			path = Model;
			sourceTree = "<group>";
		};
		6AE5BF172090FDB30082DD93 /* View */ = {
			isa = PBXGroup;
			children = (
				6AE5BF122090F6670082DD93 /* LikeViewModel1.xib */,
				6AE5BF142090FAA70082DD93 /* LikeViewModel2.xib */,
				6AE5BF1B2090FFC90082DD93 /* LikeView.swift */,
			);
			path = View;
			sourceTree = "<group>";
		};
		6AE5BF182090FDB90082DD93 /* Service */ = {
			isa = PBXGroup;
			children = (
			);
			path = Service;
			sourceTree = "<group>";
		};
		738E0D59E5647D07C00A8059 /* Frameworks */ = {
			isa = PBXGroup;
			children = (
				BBB95F0D26E9B2361F3B43B9 /* Pods_LikeDislikePOD.framework */,
				C379180B7E210FBD1EE6270C /* Pods_LikeDislikePODTests.framework */,
			);
			name = Frameworks;
			sourceTree = "<group>";
		};
		7C72623B6C3052EB2BCF5E0C /* Pods */ = {
			isa = PBXGroup;
			children = (
				C8F1B8661A973A2D0FF2942A /* Pods-LikeDislikePOD.debug.xcconfig */,
				2111F83397664D25A69A2DB9 /* Pods-LikeDislikePOD.release.xcconfig */,
				CEE8A5CD28F474447280B353 /* Pods-LikeDislikePODTests.debug.xcconfig */,
				D47C66EC3F1DCE1F91870996 /* Pods-LikeDislikePODTests.release.xcconfig */,
			);
			name = Pods;
			sourceTree = "<group>";
		};
/* End PBXGroup section */

/* Begin PBXHeadersBuildPhase section */
		6AE5BEF52090F6470082DD93 /* Headers */ = {
			isa = PBXHeadersBuildPhase;
			buildActionMask = 2147483647;
			files = (
				6AE5BF092090F6480082DD93 /* LikeDislikePOD.h in Headers */,
			);
			runOnlyForDeploymentPostprocessing = 0;
		};
/* End PBXHeadersBuildPhase section */

/* Begin PBXNativeTarget section */
		6AE5BEF72090F6470082DD93 /* LikeDislikePOD */ = {
			isa = PBXNativeTarget;
			buildConfigurationList = 6AE5BF0C2090F6480082DD93 /* Build configuration list for PBXNativeTarget "LikeDislikePOD" */;
			buildPhases = (
				3669188AEFD87ED3A47DC484 /* [CP] Check Pods Manifest.lock */,
				6AE5BEF32090F6470082DD93 /* Sources */,
				6AE5BEF42090F6470082DD93 /* Frameworks */,
				6AE5BEF52090F6470082DD93 /* Headers */,
				6AE5BEF62090F6470082DD93 /* Resources */,
				23BB2102A49AFAA36433AD78 /* [CP] Copy Pods Resources */,
			);
			buildRules = (
			);
			dependencies = (
			);
			name = LikeDislikePOD;
			productName = LikeDislikePOD;
			productReference = 6AE5BEF82090F6470082DD93 /* LikeDislikePOD.framework */;
			productType = "com.apple.product-type.framework";
		};
		6AE5BF002090F6470082DD93 /* LikeDislikePODTests */ = {
			isa = PBXNativeTarget;
			buildConfigurationList = 6AE5BF0F2090F6480082DD93 /* Build configuration list for PBXNativeTarget "LikeDislikePODTests" */;
			buildPhases = (
				B563DBB6645829C1F1D580A8 /* [CP] Check Pods Manifest.lock */,
				6AE5BEFD2090F6470082DD93 /* Sources */,
				6AE5BEFE2090F6470082DD93 /* Frameworks */,
				6AE5BEFF2090F6470082DD93 /* Resources */,
				AFBD778D0627C6B2ABD35ABB /* [CP] Embed Pods Frameworks */,
				0FC39E2CF955EAB247F0C009 /* [CP] Copy Pods Resources */,
			);
			buildRules = (
			);
			dependencies = (
				6AE5BF042090F6470082DD93 /* PBXTargetDependency */,
			);
			name = LikeDislikePODTests;
			productName = LikeDislikePODTests;
			productReference = 6AE5BF012090F6470082DD93 /* LikeDislikePODTests.xctest */;
			productType = "com.apple.product-type.bundle.unit-test";
		};
/* End PBXNativeTarget section */

/* Begin PBXProject section */
		6AE5BEEF2090F6470082DD93 /* Project object */ = {
			isa = PBXProject;
			attributes = {
				LastSwiftUpdateCheck = 0930;
				LastUpgradeCheck = 0930;
				ORGANIZATIONNAME = "Felipe Izepe";
				TargetAttributes = {
					6AE5BEF72090F6470082DD93 = {
						CreatedOnToolsVersion = 9.3;
						LastSwiftMigration = 0930;
					};
					6AE5BF002090F6470082DD93 = {
						CreatedOnToolsVersion = 9.3;
					};
				};
			};
			buildConfigurationList = 6AE5BEF22090F6470082DD93 /* Build configuration list for PBXProject "LikeDislikePOD" */;
			compatibilityVersion = "Xcode 9.3";
			developmentRegion = en;
			hasScannedForEncodings = 0;
			knownRegions = (
				en,
			);
			mainGroup = 6AE5BEEE2090F6470082DD93;
			productRefGroup = 6AE5BEF92090F6470082DD93 /* Products */;
			projectDirPath = "";
			projectRoot = "";
			targets = (
				6AE5BEF72090F6470082DD93 /* LikeDislikePOD */,
				6AE5BF002090F6470082DD93 /* LikeDislikePODTests */,
			);
		};
/* End PBXProject section */

/* Begin PBXResourcesBuildPhase section */
		6AE5BEF62090F6470082DD93 /* Resources */ = {
			isa = PBXResourcesBuildPhase;
			buildActionMask = 2147483647;
			files = (
				6AE5BF152090FAA70082DD93 /* LikeViewModel2.xib in Resources */,
				6AE5BF132090F6670082DD93 /* LikeViewModel1.xib in Resources */,
			);
			runOnlyForDeploymentPostprocessing = 0;
		};
		6AE5BEFF2090F6470082DD93 /* Resources */ = {
			isa = PBXResourcesBuildPhase;
			buildActionMask = 2147483647;
			files = (
			);
			runOnlyForDeploymentPostprocessing = 0;
		};
/* End PBXResourcesBuildPhase section */

/* Begin PBXShellScriptBuildPhase section */
		0FC39E2CF955EAB247F0C009 /* [CP] Copy Pods Resources */ = {
			isa = PBXShellScriptBuildPhase;
			buildActionMask = 2147483647;
			files = (
			);
			inputPaths = (
			);
			name = "[CP] Copy Pods Resources";
			outputPaths = (
			);
			runOnlyForDeploymentPostprocessing = 0;
			shellPath = /bin/sh;
			shellScript = "\"${SRCROOT}/Pods/Target Support Files/Pods-LikeDislikePODTests/Pods-LikeDislikePODTests-resources.sh\"\n";
			showEnvVarsInLog = 0;
		};
		23BB2102A49AFAA36433AD78 /* [CP] Copy Pods Resources */ = {
			isa = PBXShellScriptBuildPhase;
			buildActionMask = 2147483647;
			files = (
			);
			inputPaths = (
			);
			name = "[CP] Copy Pods Resources";
			outputPaths = (
			);
			runOnlyForDeploymentPostprocessing = 0;
			shellPath = /bin/sh;
			shellScript = "\"${SRCROOT}/Pods/Target Support Files/Pods-LikeDislikePOD/Pods-LikeDislikePOD-resources.sh\"\n";
			showEnvVarsInLog = 0;
		};
		3669188AEFD87ED3A47DC484 /* [CP] Check Pods Manifest.lock */ = {
			isa = PBXShellScriptBuildPhase;
			buildActionMask = 2147483647;
			files = (
			);
			inputPaths = (
				"${PODS_PODFILE_DIR_PATH}/Podfile.lock",
				"${PODS_ROOT}/Manifest.lock",
			);
			name = "[CP] Check Pods Manifest.lock";
			outputPaths = (
				"$(DERIVED_FILE_DIR)/Pods-LikeDislikePOD-checkManifestLockResult.txt",
			);
			runOnlyForDeploymentPostprocessing = 0;
			shellPath = /bin/sh;
			shellScript = "diff \"${PODS_PODFILE_DIR_PATH}/Podfile.lock\" \"${PODS_ROOT}/Manifest.lock\" > /dev/null\nif [ $? != 0 ] ; then\n    # print error to STDERR\n    echo \"error: The sandbox is not in sync with the Podfile.lock. Run 'pod install' or update your CocoaPods installation.\" >&2\n    exit 1\nfi\n# This output is used by Xcode 'outputs' to avoid re-running this script phase.\necho \"SUCCESS\" > \"${SCRIPT_OUTPUT_FILE_0}\"\n";
			showEnvVarsInLog = 0;
		};
		AFBD778D0627C6B2ABD35ABB /* [CP] Embed Pods Frameworks */ = {
			isa = PBXShellScriptBuildPhase;
			buildActionMask = 2147483647;
			files = (
			);
			inputPaths = (
			);
			name = "[CP] Embed Pods Frameworks";
			outputPaths = (
			);
			runOnlyForDeploymentPostprocessing = 0;
			shellPath = /bin/sh;
			shellScript = "\"${SRCROOT}/Pods/Target Support Files/Pods-LikeDislikePODTests/Pods-LikeDislikePODTests-frameworks.sh\"\n";
			showEnvVarsInLog = 0;
		};
		B563DBB6645829C1F1D580A8 /* [CP] Check Pods Manifest.lock */ = {
			isa = PBXShellScriptBuildPhase;
			buildActionMask = 2147483647;
			files = (
			);
			inputPaths = (
				"${PODS_PODFILE_DIR_PATH}/Podfile.lock",
				"${PODS_ROOT}/Manifest.lock",
			);
			name = "[CP] Check Pods Manifest.lock";
			outputPaths = (
				"$(DERIVED_FILE_DIR)/Pods-LikeDislikePODTests-checkManifestLockResult.txt",
			);
			runOnlyForDeploymentPostprocessing = 0;
			shellPath = /bin/sh;
			shellScript = "diff \"${PODS_PODFILE_DIR_PATH}/Podfile.lock\" \"${PODS_ROOT}/Manifest.lock\" > /dev/null\nif [ $? != 0 ] ; then\n    # print error to STDERR\n    echo \"error: The sandbox is not in sync with the Podfile.lock. Run 'pod install' or update your CocoaPods installation.\" >&2\n    exit 1\nfi\n# This output is used by Xcode 'outputs' to avoid re-running this script phase.\necho \"SUCCESS\" > \"${SCRIPT_OUTPUT_FILE_0}\"\n";
			showEnvVarsInLog = 0;
		};
/* End PBXShellScriptBuildPhase section */

/* Begin PBXSourcesBuildPhase section */
		6AE5BEF32090F6470082DD93 /* Sources */ = {
			isa = PBXSourcesBuildPhase;
			buildActionMask = 2147483647;
			files = (
				6AE5BF1A2090FDD80082DD93 /* LikeableProtocol.swift in Sources */,
				6AE5BF1C2090FFC90082DD93 /* LikeView.swift in Sources */,
			);
			runOnlyForDeploymentPostprocessing = 0;
		};
		6AE5BEFD2090F6470082DD93 /* Sources */ = {
			isa = PBXSourcesBuildPhase;
			buildActionMask = 2147483647;
			files = (
				6AE5BF072090F6470082DD93 /* LikeDislikePODTests.swift in Sources */,
			);
			runOnlyForDeploymentPostprocessing = 0;
		};
/* End PBXSourcesBuildPhase section */

/* Begin PBXTargetDependency section */
		6AE5BF042090F6470082DD93 /* PBXTargetDependency */ = {
			isa = PBXTargetDependency;
			target = 6AE5BEF72090F6470082DD93 /* LikeDislikePOD */;
			targetProxy = 6AE5BF032090F6470082DD93 /* PBXContainerItemProxy */;
		};
/* End PBXTargetDependency section */

/* Begin XCBuildConfiguration section */
		6AE5BF0A2090F6480082DD93 /* Debug */ = {
			isa = XCBuildConfiguration;
			buildSettings = {
				ALWAYS_SEARCH_USER_PATHS = NO;
				CLANG_ANALYZER_NONNULL = YES;
				CLANG_ANALYZER_NUMBER_OBJECT_CONVERSION = YES_AGGRESSIVE;
				CLANG_CXX_LANGUAGE_STANDARD = "gnu++14";
				CLANG_CXX_LIBRARY = "libc++";
				CLANG_ENABLE_MODULES = YES;
				CLANG_ENABLE_OBJC_ARC = YES;
				CLANG_ENABLE_OBJC_WEAK = YES;
				CLANG_WARN_BLOCK_CAPTURE_AUTORELEASING = YES;
				CLANG_WARN_BOOL_CONVERSION = YES;
				CLANG_WARN_COMMA = YES;
				CLANG_WARN_CONSTANT_CONVERSION = YES;
				CLANG_WARN_DEPRECATED_OBJC_IMPLEMENTATIONS = YES;
				CLANG_WARN_DIRECT_OBJC_ISA_USAGE = YES_ERROR;
				CLANG_WARN_DOCUMENTATION_COMMENTS = YES;
				CLANG_WARN_EMPTY_BODY = YES;
				CLANG_WARN_ENUM_CONVERSION = YES;
				CLANG_WARN_INFINITE_RECURSION = YES;
				CLANG_WARN_INT_CONVERSION = YES;
				CLANG_WARN_NON_LITERAL_NULL_CONVERSION = YES;
				CLANG_WARN_OBJC_IMPLICIT_RETAIN_SELF = YES;
				CLANG_WARN_OBJC_LITERAL_CONVERSION = YES;
				CLANG_WARN_OBJC_ROOT_CLASS = YES_ERROR;
				CLANG_WARN_RANGE_LOOP_ANALYSIS = YES;
				CLANG_WARN_STRICT_PROTOTYPES = YES;
				CLANG_WARN_SUSPICIOUS_MOVE = YES;
				CLANG_WARN_UNGUARDED_AVAILABILITY = YES_AGGRESSIVE;
				CLANG_WARN_UNREACHABLE_CODE = YES;
				CLANG_WARN__DUPLICATE_METHOD_MATCH = YES;
				CODE_SIGN_IDENTITY = "iPhone Developer";
				COPY_PHASE_STRIP = NO;
				CURRENT_PROJECT_VERSION = 1;
				DEBUG_INFORMATION_FORMAT = dwarf;
				ENABLE_STRICT_OBJC_MSGSEND = YES;
				ENABLE_TESTABILITY = YES;
				GCC_C_LANGUAGE_STANDARD = gnu11;
				GCC_DYNAMIC_NO_PIC = NO;
				GCC_NO_COMMON_BLOCKS = YES;
				GCC_OPTIMIZATION_LEVEL = 0;
				GCC_PREPROCESSOR_DEFINITIONS = (
					"DEBUG=1",
					"$(inherited)",
				);
				GCC_WARN_64_TO_32_BIT_CONVERSION = YES;
				GCC_WARN_ABOUT_RETURN_TYPE = YES_ERROR;
				GCC_WARN_UNDECLARED_SELECTOR = YES;
				GCC_WARN_UNINITIALIZED_AUTOS = YES_AGGRESSIVE;
				GCC_WARN_UNUSED_FUNCTION = YES;
				GCC_WARN_UNUSED_VARIABLE = YES;
				IPHONEOS_DEPLOYMENT_TARGET = 11.3;
				MTL_ENABLE_DEBUG_INFO = YES;
				ONLY_ACTIVE_ARCH = YES;
				SDKROOT = iphoneos;
				SWIFT_ACTIVE_COMPILATION_CONDITIONS = DEBUG;
				SWIFT_OPTIMIZATION_LEVEL = "-Onone";
				VERSIONING_SYSTEM = "apple-generic";
				VERSION_INFO_PREFIX = "";
			};
			name = Debug;
		};
		6AE5BF0B2090F6480082DD93 /* Release */ = {
			isa = XCBuildConfiguration;
			buildSettings = {
				ALWAYS_SEARCH_USER_PATHS = NO;
				CLANG_ANALYZER_NONNULL = YES;
				CLANG_ANALYZER_NUMBER_OBJECT_CONVERSION = YES_AGGRESSIVE;
				CLANG_CXX_LANGUAGE_STANDARD = "gnu++14";
				CLANG_CXX_LIBRARY = "libc++";
				CLANG_ENABLE_MODULES = YES;
				CLANG_ENABLE_OBJC_ARC = YES;
				CLANG_ENABLE_OBJC_WEAK = YES;
				CLANG_WARN_BLOCK_CAPTURE_AUTORELEASING = YES;
				CLANG_WARN_BOOL_CONVERSION = YES;
				CLANG_WARN_COMMA = YES;
				CLANG_WARN_CONSTANT_CONVERSION = YES;
				CLANG_WARN_DEPRECATED_OBJC_IMPLEMENTATIONS = YES;
				CLANG_WARN_DIRECT_OBJC_ISA_USAGE = YES_ERROR;
				CLANG_WARN_DOCUMENTATION_COMMENTS = YES;
				CLANG_WARN_EMPTY_BODY = YES;
				CLANG_WARN_ENUM_CONVERSION = YES;
				CLANG_WARN_INFINITE_RECURSION = YES;
				CLANG_WARN_INT_CONVERSION = YES;
				CLANG_WARN_NON_LITERAL_NULL_CONVERSION = YES;
				CLANG_WARN_OBJC_IMPLICIT_RETAIN_SELF = YES;
				CLANG_WARN_OBJC_LITERAL_CONVERSION = YES;
				CLANG_WARN_OBJC_ROOT_CLASS = YES_ERROR;
				CLANG_WARN_RANGE_LOOP_ANALYSIS = YES;
				CLANG_WARN_STRICT_PROTOTYPES = YES;
				CLANG_WARN_SUSPICIOUS_MOVE = YES;
				CLANG_WARN_UNGUARDED_AVAILABILITY = YES_AGGRESSIVE;
				CLANG_WARN_UNREACHABLE_CODE = YES;
				CLANG_WARN__DUPLICATE_METHOD_MATCH = YES;
				CODE_SIGN_IDENTITY = "iPhone Developer";
				COPY_PHASE_STRIP = NO;
				CURRENT_PROJECT_VERSION = 1;
				DEBUG_INFORMATION_FORMAT = "dwarf-with-dsym";
				ENABLE_NS_ASSERTIONS = NO;
				ENABLE_STRICT_OBJC_MSGSEND = YES;
				GCC_C_LANGUAGE_STANDARD = gnu11;
				GCC_NO_COMMON_BLOCKS = YES;
				GCC_WARN_64_TO_32_BIT_CONVERSION = YES;
				GCC_WARN_ABOUT_RETURN_TYPE = YES_ERROR;
				GCC_WARN_UNDECLARED_SELECTOR = YES;
				GCC_WARN_UNINITIALIZED_AUTOS = YES_AGGRESSIVE;
				GCC_WARN_UNUSED_FUNCTION = YES;
				GCC_WARN_UNUSED_VARIABLE = YES;
				IPHONEOS_DEPLOYMENT_TARGET = 11.3;
				MTL_ENABLE_DEBUG_INFO = NO;
				SDKROOT = iphoneos;
				SWIFT_COMPILATION_MODE = wholemodule;
				SWIFT_OPTIMIZATION_LEVEL = "-O";
				VALIDATE_PRODUCT = YES;
				VERSIONING_SYSTEM = "apple-generic";
				VERSION_INFO_PREFIX = "";
			};
			name = Release;
		};
		6AE5BF0D2090F6480082DD93 /* Debug */ = {
			isa = XCBuildConfiguration;
			baseConfigurationReference = C8F1B8661A973A2D0FF2942A /* Pods-LikeDislikePOD.debug.xcconfig */;
			buildSettings = {
				CLANG_ENABLE_MODULES = YES;
				CODE_SIGN_IDENTITY = "";
				CODE_SIGN_STYLE = Automatic;
				DEFINES_MODULE = YES;
				DEVELOPMENT_TEAM = WYJTXQ45H3;
				DYLIB_COMPATIBILITY_VERSION = 1;
				DYLIB_CURRENT_VERSION = 1;
				DYLIB_INSTALL_NAME_BASE = "@rpath";
				INFOPLIST_FILE = LikeDislikePOD/Info.plist;
				INSTALL_PATH = "$(LOCAL_LIBRARY_DIR)/Frameworks";
				LD_RUNPATH_SEARCH_PATHS = "$(inherited) @executable_path/Frameworks @loader_path/Frameworks";
				PRODUCT_BUNDLE_IDENTIFIER = testIOS.LikeDislikePOD;
				PRODUCT_NAME = "$(TARGET_NAME:c99extidentifier)";
				SKIP_INSTALL = YES;
				SWIFT_OPTIMIZATION_LEVEL = "-Onone";
				SWIFT_VERSION = 4.0;
				TARGETED_DEVICE_FAMILY = "1,2";
			};
			name = Debug;
		};
		6AE5BF0E2090F6480082DD93 /* Release */ = {
			isa = XCBuildConfiguration;
			baseConfigurationReference = 2111F83397664D25A69A2DB9 /* Pods-LikeDislikePOD.release.xcconfig */;
			buildSettings = {
				CLANG_ENABLE_MODULES = YES;
				CODE_SIGN_IDENTITY = "";
				CODE_SIGN_STYLE = Automatic;
				DEFINES_MODULE = YES;
				DEVELOPMENT_TEAM = WYJTXQ45H3;
				DYLIB_COMPATIBILITY_VERSION = 1;
				DYLIB_CURRENT_VERSION = 1;
				DYLIB_INSTALL_NAME_BASE = "@rpath";
				INFOPLIST_FILE = LikeDislikePOD/Info.plist;
				INSTALL_PATH = "$(LOCAL_LIBRARY_DIR)/Frameworks";
				LD_RUNPATH_SEARCH_PATHS = "$(inherited) @executable_path/Frameworks @loader_path/Frameworks";
				PRODUCT_BUNDLE_IDENTIFIER = testIOS.LikeDislikePOD;
				PRODUCT_NAME = "$(TARGET_NAME:c99extidentifier)";
				SKIP_INSTALL = YES;
				SWIFT_VERSION = 4.0;
				TARGETED_DEVICE_FAMILY = "1,2";
			};
			name = Release;
		};
		6AE5BF102090F6480082DD93 /* Debug */ = {
			isa = XCBuildConfiguration;
			baseConfigurationReference = CEE8A5CD28F474447280B353 /* Pods-LikeDislikePODTests.debug.xcconfig */;
			buildSettings = {
				ALWAYS_EMBED_SWIFT_STANDARD_LIBRARIES = YES;
				CODE_SIGN_STYLE = Automatic;
				DEVELOPMENT_TEAM = WYJTXQ45H3;
				INFOPLIST_FILE = LikeDislikePODTests/Info.plist;
				LD_RUNPATH_SEARCH_PATHS = "$(inherited) @executable_path/Frameworks @loader_path/Frameworks";
				PRODUCT_BUNDLE_IDENTIFIER = testIOS.LikeDislikePODTests;
				PRODUCT_NAME = "$(TARGET_NAME)";
				SWIFT_VERSION = 4.0;
				TARGETED_DEVICE_FAMILY = "1,2";
			};
			name = Debug;
		};
		6AE5BF112090F6480082DD93 /* Release */ = {
			isa = XCBuildConfiguration;
			baseConfigurationReference = D47C66EC3F1DCE1F91870996 /* Pods-LikeDislikePODTests.release.xcconfig */;
			buildSettings = {
				ALWAYS_EMBED_SWIFT_STANDARD_LIBRARIES = YES;
				CODE_SIGN_STYLE = Automatic;
				DEVELOPMENT_TEAM = WYJTXQ45H3;
				INFOPLIST_FILE = LikeDislikePODTests/Info.plist;
				LD_RUNPATH_SEARCH_PATHS = "$(inherited) @executable_path/Frameworks @loader_path/Frameworks";
				PRODUCT_BUNDLE_IDENTIFIER = testIOS.LikeDislikePODTests;
				PRODUCT_NAME = "$(TARGET_NAME)";
				SWIFT_VERSION = 4.0;
				TARGETED_DEVICE_FAMILY = "1,2";
			};
			name = Release;
		};
/* End XCBuildConfiguration section */

/* Begin XCConfigurationList section */
		6AE5BEF22090F6470082DD93 /* Build configuration list for PBXProject "LikeDislikePOD" */ = {
			isa = XCConfigurationList;
			buildConfigurations = (
				6AE5BF0A2090F6480082DD93 /* Debug */,
				6AE5BF0B2090F6480082DD93 /* Release */,
			);
			defaultConfigurationIsVisible = 0;
			defaultConfigurationName = Release;
		};
		6AE5BF0C2090F6480082DD93 /* Build configuration list for PBXNativeTarget "LikeDislikePOD" */ = {
			isa = XCConfigurationList;
			buildConfigurations = (
				6AE5BF0D2090F6480082DD93 /* Debug */,
				6AE5BF0E2090F6480082DD93 /* Release */,
			);
			defaultConfigurationIsVisible = 0;
			defaultConfigurationName = Release;
		};
		6AE5BF0F2090F6480082DD93 /* Build configuration list for PBXNativeTarget "LikeDislikePODTests" */ = {
			isa = XCConfigurationList;
			buildConfigurations = (
				6AE5BF102090F6480082DD93 /* Debug */,
				6AE5BF112090F6480082DD93 /* Release */,
			);
			defaultConfigurationIsVisible = 0;
			defaultConfigurationName = Release;
		};
/* End XCConfigurationList section */
	};
	rootObject = 6AE5BEEF2090F6470082DD93 /* Project object */;
}
